
Microsoft Visual Studio Solution File, Format Version 12.00
Project("{FAE04EC0-301F-11D3-BF4B-00C04F79EFBC}") = "Greentube.PasswordService.Api", "Greentube.PasswordRecoverService.Api\Greentube.PasswordService.Api.csproj", "{EE592531-2874-4A13-B1B8-9CB18F8641B7}"
EndProject
Global
	GlobalSection(SolutionConfigurationPlatforms) = preSolution
		Debug|Any CPU = Debug|Any CPU
		Release|Any CPU = Release|Any CPU
	EndGlobalSection
	GlobalSection(ProjectConfigurationPlatforms) = postSolution
		{EE592531-2874-4A13-B1B8-9CB18F8641B7}.Debug|Any CPU.ActiveCfg = Debug|Any CPU
		{EE592531-2874-4A13-B1B8-9CB18F8641B7}.Debug|Any CPU.Build.0 = Debug|Any CPU
		{EE592531-2874-4A13-B1B8-9CB18F8641B7}.Release|Any CPU.ActiveCfg = Release|Any CPU
		{EE592531-2874-4A13-B1B8-9CB18F8641B7}.Release|Any CPU.Build.0 = Release|Any CPU
	EndGlobalSection
EndGlobal
